
Microsoft Visual Studio Solution File, Format Version 12.00
# Visual Studio Version 17
VisualStudioVersion = 17.10.34928.147
MinimumVisualStudioVersion = 10.0.40219.1
Project("{9A19103F-16F7-4668-BE54-9A1E7A4F7556}") = "ZTool.Lang", "ZTool.Lang\ZTool.Lang.csproj", "{CCB1B4B2-D4FB-42A3-A9A7-5507C1D14C58}"
EndProject
Project("{9A19103F-16F7-4668-BE54-9A1E7A4F7556}") = "ZTool.Test", "ZTool.Test\ZTool.Test.csproj", "{74607A35-CA75-426F-8893-411D15513C2D}"
EndProject
Project("{9A19103F-16F7-4668-BE54-9A1E7A4F7556}") = "ZTool.Core", "ZTool.Core\ZTool.Core.csproj", "{4BB7D066-5879-4809-9627-2F016C5465C5}"
EndProject
Project("{FAE04EC0-301F-11D3-BF4B-00C04F79EFBC}") = "ZTool.Windows", "ZTool.Windows\ZTool.Windows.csproj", "{F0DE85AF-BB90-4FE7-BDF9-DC31C13328B1}"
EndProject
Global
	GlobalSection(SolutionConfigurationPlatforms) = preSolution
		Debug|Any CPU = Debug|Any CPU
		Release|Any CPU = Release|Any CPU
	EndGlobalSection
	GlobalSection(ProjectConfigurationPlatforms) = postSolution
		{CCB1B4B2-D4FB-42A3-A9A7-5507C1D14C58}.Debug|Any CPU.ActiveCfg = Debug|Any CPU
		{CCB1B4B2-D4FB-42A3-A9A7-5507C1D14C58}.Debug|Any CPU.Build.0 = Debug|Any CPU
		{CCB1B4B2-D4FB-42A3-A9A7-5507C1D14C58}.Release|Any CPU.ActiveCfg = Release|Any CPU
		{CCB1B4B2-D4FB-42A3-A9A7-5507C1D14C58}.Release|Any CPU.Build.0 = Release|Any CPU
		{74607A35-CA75-426F-8893-411D15513C2D}.Debug|Any CPU.ActiveCfg = Debug|Any CPU
		{74607A35-CA75-426F-8893-411D15513C2D}.Debug|Any CPU.Build.0 = Debug|Any CPU
		{74607A35-CA75-426F-8893-411D15513C2D}.Release|Any CPU.ActiveCfg = Release|Any CPU
		{74607A35-CA75-426F-8893-411D15513C2D}.Release|Any CPU.Build.0 = Release|Any CPU
		{4BB7D066-5879-4809-9627-2F016C5465C5}.Debug|Any CPU.ActiveCfg = Debug|Any CPU
		{4BB7D066-5879-4809-9627-2F016C5465C5}.Debug|Any CPU.Build.0 = Debug|Any CPU
		{4BB7D066-5879-4809-9627-2F016C5465C5}.Release|Any CPU.ActiveCfg = Release|Any CPU
		{4BB7D066-5879-4809-9627-2F016C5465C5}.Release|Any CPU.Build.0 = Release|Any CPU
		{F0DE85AF-BB90-4FE7-BDF9-DC31C13328B1}.Debug|Any CPU.ActiveCfg = Debug|Any CPU
		{F0DE85AF-BB90-4FE7-BDF9-DC31C13328B1}.Debug|Any CPU.Build.0 = Debug|Any CPU
		{F0DE85AF-BB90-4FE7-BDF9-DC31C13328B1}.Release|Any CPU.ActiveCfg = Release|Any CPU
		{F0DE85AF-BB90-4FE7-BDF9-DC31C13328B1}.Release|Any CPU.Build.0 = Release|Any CPU
	EndGlobalSection
	GlobalSection(SolutionProperties) = preSolution
		HideSolutionNode = FALSE
	EndGlobalSection
	GlobalSection(ExtensibilityGlobals) = postSolution
		SolutionGuid = {118746C0-43B9-41DD-B6BB-F9E73C511B6E}
	EndGlobalSection
EndGlobal
